
Microsoft Visual Studio Solution File, Format Version 12.00
# Visual Studio Version 16
VisualStudioVersion = 16.0.30011.22
MinimumVisualStudioVersion = 10.0.40219.1
Project("{9A19103F-16F7-4668-BE54-9A1E7A4F7556}") = "CyberClass", "CyberClass\CyberClass.csproj", "{8D7CAF22-23B9-4BDE-B4DA-12D630EE5FFE}"
EndProject
Project("{9A19103F-16F7-4668-BE54-9A1E7A4F7556}") = "Domain", "Domain\Domain.csproj", "{86064E25-7D0C-4AF4-947F-C30EAE0A2D7F}"
EndProject
Project("{9A19103F-16F7-4668-BE54-9A1E7A4F7556}") = "Storage", "Storage\Storage.csproj", "{F254BDFB-7A89-4AF1-9405-D38E50470184}"
EndProject
Project("{9A19103F-16F7-4668-BE54-9A1E7A4F7556}") = "Utils", "Utils\Utils.csproj", "{C8B812DE-476F-4E60-AD0C-618E4801DD78}"
EndProject
Project("{9A19103F-16F7-4668-BE54-9A1E7A4F7556}") = "DTO", "DTO\DTO.csproj", "{F834F851-8BD0-40A1-94D0-9084E36FDA28}"
EndProject
Project("{9A19103F-16F7-4668-BE54-9A1E7A4F7556}") = "Services", "Services\Services.csproj", "{2D2E5786-1B39-431E-BD8B-D8A3B2DA92B9}"
EndProject
Project("{9A19103F-16F7-4668-BE54-9A1E7A4F7556}") = "SmsSender", "SmsSender\SmsSender.csproj", "{4BB4D276-986C-445E-8F08-14DD3ED46048}"
EndProject
Project("{FAE04EC0-301F-11D3-BF4B-00C04F79EFBC}") = "Migrations", "Migrations\Migrations.csproj", "{0D529F54-12C6-48B4-9805-2BE79176F5EC}"
EndProject
Global
	GlobalSection(SolutionConfigurationPlatforms) = preSolution
		Debug|Any CPU = Debug|Any CPU
		Release|Any CPU = Release|Any CPU
	EndGlobalSection
	GlobalSection(ProjectConfigurationPlatforms) = postSolution
		{8D7CAF22-23B9-4BDE-B4DA-12D630EE5FFE}.Debug|Any CPU.ActiveCfg = Debug|Any CPU
		{8D7CAF22-23B9-4BDE-B4DA-12D630EE5FFE}.Debug|Any CPU.Build.0 = Debug|Any CPU
		{8D7CAF22-23B9-4BDE-B4DA-12D630EE5FFE}.Release|Any CPU.ActiveCfg = Release|Any CPU
		{8D7CAF22-23B9-4BDE-B4DA-12D630EE5FFE}.Release|Any CPU.Build.0 = Release|Any CPU
		{86064E25-7D0C-4AF4-947F-C30EAE0A2D7F}.Debug|Any CPU.ActiveCfg = Debug|Any CPU
		{86064E25-7D0C-4AF4-947F-C30EAE0A2D7F}.Debug|Any CPU.Build.0 = Debug|Any CPU
		{86064E25-7D0C-4AF4-947F-C30EAE0A2D7F}.Release|Any CPU.ActiveCfg = Release|Any CPU
		{86064E25-7D0C-4AF4-947F-C30EAE0A2D7F}.Release|Any CPU.Build.0 = Release|Any CPU
		{F254BDFB-7A89-4AF1-9405-D38E50470184}.Debug|Any CPU.ActiveCfg = Debug|Any CPU
		{F254BDFB-7A89-4AF1-9405-D38E50470184}.Debug|Any CPU.Build.0 = Debug|Any CPU
		{F254BDFB-7A89-4AF1-9405-D38E50470184}.Release|Any CPU.ActiveCfg = Release|Any CPU
		{F254BDFB-7A89-4AF1-9405-D38E50470184}.Release|Any CPU.Build.0 = Release|Any CPU
		{C8B812DE-476F-4E60-AD0C-618E4801DD78}.Debug|Any CPU.ActiveCfg = Debug|Any CPU
		{C8B812DE-476F-4E60-AD0C-618E4801DD78}.Debug|Any CPU.Build.0 = Debug|Any CPU
		{C8B812DE-476F-4E60-AD0C-618E4801DD78}.Release|Any CPU.ActiveCfg = Release|Any CPU
		{C8B812DE-476F-4E60-AD0C-618E4801DD78}.Release|Any CPU.Build.0 = Release|Any CPU
		{F834F851-8BD0-40A1-94D0-9084E36FDA28}.Debug|Any CPU.ActiveCfg = Debug|Any CPU
		{F834F851-8BD0-40A1-94D0-9084E36FDA28}.Debug|Any CPU.Build.0 = Debug|Any CPU
		{F834F851-8BD0-40A1-94D0-9084E36FDA28}.Release|Any CPU.ActiveCfg = Release|Any CPU
		{F834F851-8BD0-40A1-94D0-9084E36FDA28}.Release|Any CPU.Build.0 = Release|Any CPU
		{2D2E5786-1B39-431E-BD8B-D8A3B2DA92B9}.Debug|Any CPU.ActiveCfg = Debug|Any CPU
		{2D2E5786-1B39-431E-BD8B-D8A3B2DA92B9}.Debug|Any CPU.Build.0 = Debug|Any CPU
		{2D2E5786-1B39-431E-BD8B-D8A3B2DA92B9}.Release|Any CPU.ActiveCfg = Release|Any CPU
		{2D2E5786-1B39-431E-BD8B-D8A3B2DA92B9}.Release|Any CPU.Build.0 = Release|Any CPU
		{4BB4D276-986C-445E-8F08-14DD3ED46048}.Debug|Any CPU.ActiveCfg = Debug|Any CPU
		{4BB4D276-986C-445E-8F08-14DD3ED46048}.Debug|Any CPU.Build.0 = Debug|Any CPU
		{4BB4D276-986C-445E-8F08-14DD3ED46048}.Release|Any CPU.ActiveCfg = Release|Any CPU
		{4BB4D276-986C-445E-8F08-14DD3ED46048}.Release|Any CPU.Build.0 = Release|Any CPU
		{0D529F54-12C6-48B4-9805-2BE79176F5EC}.Debug|Any CPU.ActiveCfg = Debug|Any CPU
		{0D529F54-12C6-48B4-9805-2BE79176F5EC}.Debug|Any CPU.Build.0 = Debug|Any CPU
		{0D529F54-12C6-48B4-9805-2BE79176F5EC}.Release|Any CPU.ActiveCfg = Release|Any CPU
		{0D529F54-12C6-48B4-9805-2BE79176F5EC}.Release|Any CPU.Build.0 = Release|Any CPU
	EndGlobalSection
	GlobalSection(SolutionProperties) = preSolution
		HideSolutionNode = FALSE
	EndGlobalSection
	GlobalSection(ExtensibilityGlobals) = postSolution
		SolutionGuid = {8B4FE6C6-DDCF-4C8C-B5CD-0BFA89AF5C0B}
	EndGlobalSection
EndGlobal
